{
  "name": "rhd",
  "version": "1.0.0",
  "lockfileVersion": 1,
  "requires": true,
  "dependencies": {
    "@snyk/protect": {
      "version": "1.1302.0",
      "resolved": "https://registry.npmjs.org/@snyk/protect/-/protect-1.1302.0.tgz",
      "integrity": "sha512-pVtE94es/3iIx4Iuf5MG/eHzt82/Ms/pqbf3R1o5E6BCjKTpiApfMwI9wtUE550FE286huINHdy4f9KgiaC4DQ=="
    },
    "rhd-frontend": {
      "version": "1.0.1",
      "resolved": "https://registry.npmjs.org/rhd-frontend/-/rhd-frontend-1.0.1.tgz",
      "integrity": "sha512-Q2OzwORH9Zh1XOAjwLtFrPWa1CoUWzDPNQtrEjM9v042OwPvbdGLhzpG4yKIMx8LBYmQXd14E6THmaLs4aGucQ=="
    }
  }
}
